# Generated by pub
# See https://dart.dev/tools/pub/glossary#lockfile
packages:
  flame_lint:
    dependency: "direct dev"
    description:
      name: flame_lint
      url: "https://pub.dartlang.org"
    source: hosted
    version: "0.0.1"
  meta:
    dependency: transitive
    description:
      name: meta
      url: "https://pub.dartlang.org"
    source: hosted
    version: "1.7.0"
  oxygen:
    dependency: "direct main"
    description:
      path: ".."
      relative: true
    source: path
    version: "0.2.0"
sdks:
  dart: ">=2.16.0 <3.0.0"
